
Microsoft Visual Studio Solution File, Format Version 12.00
# Visual Studio Version 16
VisualStudioVersion = 16.0.29306.81
MinimumVisualStudioVersion = 10.0.40219.1
Project("{FAE04EC0-301F-11D3-BF4B-00C04F79EFBC}") = "HeyADTS", "HeyADTS.csproj", "{CAEABB90-1DF1-43DD-AEDC-41741A29F49B}"
EndProject
Global
	GlobalSection(SolutionConfigurationPlatforms) = preSolution
		Debug|Any CPU = Debug|Any CPU
		Release|Any CPU = Release|Any CPU
	EndGlobalSection
	GlobalSection(ProjectConfigurationPlatforms) = postSolution
		{CAEABB90-1DF1-43DD-AEDC-41741A29F49B}.Debug|Any CPU.ActiveCfg = Debug|Any CPU
		{CAEABB90-1DF1-43DD-AEDC-41741A29F49B}.Debug|Any CPU.Build.0 = Debug|Any CPU
		{CAEABB90-1DF1-43DD-AEDC-41741A29F49B}.Release|Any CPU.ActiveCfg = Release|Any CPU
		{CAEABB90-1DF1-43DD-AEDC-41741A29F49B}.Release|Any CPU.Build.0 = Release|Any CPU
	EndGlobalSection
	GlobalSection(SolutionProperties) = preSolution
		HideSolutionNode = FALSE
	EndGlobalSection
	GlobalSection(ExtensibilityGlobals) = postSolution
		SolutionGuid = {3A0C8D1F-F4EA-4426-B466-C146FA510845}
	EndGlobalSection
EndGlobal
